
Microsoft Visual Studio Solution File, Format Version 12.00
# Visual Studio Version 16
VisualStudioVersion = 16.0.31019.35
MinimumVisualStudioVersion = 10.0.40219.1
Project("{FAE04EC0-301F-11D3-BF4B-00C04F79EFBC}") = "CorsoWebApi", "CorsoWebApi\CorsoWebApi.csproj", "{BBD8D980-E022-4D6E-B922-9EB265CA91F4}"
EndProject
Global
	GlobalSection(SolutionConfigurationPlatforms) = preSolution
		Debug|Any CPU = Debug|Any CPU
		Release|Any CPU = Release|Any CPU
	EndGlobalSection
	GlobalSection(ProjectConfigurationPlatforms) = postSolution
		{BBD8D980-E022-4D6E-B922-9EB265CA91F4}.Debug|Any CPU.ActiveCfg = Debug|Any CPU
		{BBD8D980-E022-4D6E-B922-9EB265CA91F4}.Debug|Any CPU.Build.0 = Debug|Any CPU
		{BBD8D980-E022-4D6E-B922-9EB265CA91F4}.Release|Any CPU.ActiveCfg = Release|Any CPU
		{BBD8D980-E022-4D6E-B922-9EB265CA91F4}.Release|Any CPU.Build.0 = Release|Any CPU
	EndGlobalSection
	GlobalSection(SolutionProperties) = preSolution
		HideSolutionNode = FALSE
	EndGlobalSection
	GlobalSection(ExtensibilityGlobals) = postSolution
		SolutionGuid = {E081B85E-4F43-4960-B667-9C155023F62E}
	EndGlobalSection
EndGlobal
